
Microsoft Visual Studio Solution File, Format Version 12.00
# Visual Studio 15
VisualStudioVersion = 15.0.28307.2092
MinimumVisualStudioVersion = 10.0.40219.1
Project("{FAE04EC0-301F-11D3-BF4B-00C04F79EFBC}") = "TRANCONGTRI_IS385_BT8", "TRANCONGTRI_IS385_BT8\TRANCONGTRI_IS385_BT8.csproj", "{5104A84D-763E-4B0F-8EDA-CED73FBAEA05}"
EndProject
Global
	GlobalSection(SolutionConfigurationPlatforms) = preSolution
		Debug|Any CPU = Debug|Any CPU
		Release|Any CPU = Release|Any CPU
	EndGlobalSection
	GlobalSection(ProjectConfigurationPlatforms) = postSolution
		{5104A84D-763E-4B0F-8EDA-CED73FBAEA05}.Debug|Any CPU.ActiveCfg = Debug|Any CPU
		{5104A84D-763E-4B0F-8EDA-CED73FBAEA05}.Debug|Any CPU.Build.0 = Debug|Any CPU
		{5104A84D-763E-4B0F-8EDA-CED73FBAEA05}.Release|Any CPU.ActiveCfg = Release|Any CPU
		{5104A84D-763E-4B0F-8EDA-CED73FBAEA05}.Release|Any CPU.Build.0 = Release|Any CPU
	EndGlobalSection
	GlobalSection(SolutionProperties) = preSolution
		HideSolutionNode = FALSE
	EndGlobalSection
	GlobalSection(ExtensibilityGlobals) = postSolution
		SolutionGuid = {88207664-038A-4DFF-B429-7EDF117A826A}
	EndGlobalSection
EndGlobal
